PODS:
  - StatefulTableView (0.2.0)

DEPENDENCIES:
  - StatefulTableView (from `../`)

EXTERNAL SOURCES:
  StatefulTableView:
    :path: "../"

SPEC CHECKSUMS:
  StatefulTableView: e9951caafc30a574978cd6bf9a2c4e55707fa6b3

PODFILE CHECKSUM: d57964a0f428051ec484f76a8d307a855f592660

COCOAPODS: 1.8.1
